{"1.2.0",
[{<<"alsa">>,
  {git,"https://github.com/cjkjellander/erlang-alsa.git",
       {ref,"68acfdf311c7c0fd482880dc60df947461437ff5"}},
  0},
 {<<"reg">>,{pkg,<<"reg">>,<<"0.1.0">>},1}]}.
[
{pkg_hash,[
 {<<"reg">>, <<"E561021FEE549E4F49C1371E2594B3815303135DA6145FCD15D95AF1F5A32110">>}]},
{pkg_hash_ext,[
 {<<"reg">>, <<"A857A3392BE5E6736E6138219F6B9BE455520F53ED71F51406931743C8216D3E">>}]}
].
